
Microsoft Visual Studio Solution File, Format Version 12.00
# Visual Studio 2015
Project("{FAE04EC0-301F-11D3-BF4B-00C04F79EFBC}") = "ForceDirectedGraph.CSharp", "ForceDirectedGraph.CSharp.csproj", "{C3FAD6C8-741D-87E7-872C-40898A50325B}"
EndProject
Global
	GlobalSection(SolutionConfigurationPlatforms) = preSolution
		Debug|Any CPU = Debug|Any CPU
		Release|Any CPU = Release|Any CPU
	EndGlobalSection
	GlobalSection(ProjectConfigurationPlatforms) = postSolution
		{C3FAD6C8-741D-87E7-872C-40898A50325B}.Debug|Any CPU.ActiveCfg = Debug|Any CPU
		{C3FAD6C8-741D-87E7-872C-40898A50325B}.Debug|Any CPU.Build.0 = Debug|Any CPU
		{C3FAD6C8-741D-87E7-872C-40898A50325B}.Release|Any CPU.ActiveCfg = Release|Any CPU
		{C3FAD6C8-741D-87E7-872C-40898A50325B}.Release|Any CPU.Build.0 = Release|Any CPU
	EndGlobalSection
	GlobalSection(SolutionProperties) = preSolution
		HideSolutionNode = FALSE
	EndGlobalSection
EndGlobal
